
Microsoft Visual Studio Solution File, Format Version 12.00
# Visual Studio Version 17
VisualStudioVersion = 17.5.33424.131
MinimumVisualStudioVersion = 10.0.40219.1
Project("{FAE04EC0-301F-11D3-BF4B-00C04F79EFBC}") = "PracticeTestDemo", "PracticeTestDemo\PracticeTestDemo.csproj", "{E970C11D-F596-47F9-B8B0-31868AC217FD}"
EndProject
Global
	GlobalSection(SolutionConfigurationPlatforms) = preSolution
		Debug|Any CPU = Debug|Any CPU
		Release|Any CPU = Release|Any CPU
	EndGlobalSection
	GlobalSection(ProjectConfigurationPlatforms) = postSolution
		{E970C11D-F596-47F9-B8B0-31868AC217FD}.Debug|Any CPU.ActiveCfg = Debug|Any CPU
		{E970C11D-F596-47F9-B8B0-31868AC217FD}.Debug|Any CPU.Build.0 = Debug|Any CPU
		{E970C11D-F596-47F9-B8B0-31868AC217FD}.Release|Any CPU.ActiveCfg = Release|Any CPU
		{E970C11D-F596-47F9-B8B0-31868AC217FD}.Release|Any CPU.Build.0 = Release|Any CPU
	EndGlobalSection
	GlobalSection(SolutionProperties) = preSolution
		HideSolutionNode = FALSE
	EndGlobalSection
	GlobalSection(ExtensibilityGlobals) = postSolution
		SolutionGuid = {23EA0263-D92F-44AF-88C4-7ADA82ADC306}
	EndGlobalSection
EndGlobal
